
Microsoft Visual Studio Solution File, Format Version 12.00
# Visual Studio 15
Project("{FAE04EC0-301F-11D3-BF4B-00C04F79EFBC}") = "Assembly-CSharp", "Assembly-CSharp.csproj", "{6C013F9A-6F9A-FC91-1C26-24EE2ACCFF30}"
EndProject
Project("{FAE04EC0-301F-11D3-BF4B-00C04F79EFBC}") = "Unity.2D.Tilemap.Extras", "Unity.2D.Tilemap.Extras.csproj", "{ADC2693F-E350-ECA5-DDEE-3C9D3446FD78}"
EndProject
Project("{FAE04EC0-301F-11D3-BF4B-00C04F79EFBC}") = "Unity.2D.Tilemap.Extras.Editor", "Unity.2D.Tilemap.Extras.Editor.csproj", "{90519F08-CD50-CC65-7E4C-358631EE8D50}"
EndProject
Project("{FAE04EC0-301F-11D3-BF4B-00C04F79EFBC}") = "Unity.2D.Tilemap.Extras.Placeholder.EditorTests", "Unity.2D.Tilemap.Extras.Placeholder.EditorTests.csproj", "{EB92C047-21A3-268B-906B-062718274626}"
EndProject
Global
	GlobalSection(SolutionConfigurationPlatforms) = preSolution
		Debug|Any CPU = Debug|Any CPU
		Release|Any CPU = Release|Any CPU
	EndGlobalSection
	GlobalSection(ProjectConfigurationPlatforms) = postSolution
		{6C013F9A-6F9A-FC91-1C26-24EE2ACCFF30}.Debug|Any CPU.ActiveCfg = Debug|Any CPU
		{6C013F9A-6F9A-FC91-1C26-24EE2ACCFF30}.Debug|Any CPU.Build.0 = Debug|Any CPU
		{6C013F9A-6F9A-FC91-1C26-24EE2ACCFF30}.Release|Any CPU.ActiveCfg = Release|Any CPU
		{6C013F9A-6F9A-FC91-1C26-24EE2ACCFF30}.Release|Any CPU.Build.0 = Release|Any CPU
		{ADC2693F-E350-ECA5-DDEE-3C9D3446FD78}.Debug|Any CPU.ActiveCfg = Debug|Any CPU
		{ADC2693F-E350-ECA5-DDEE-3C9D3446FD78}.Debug|Any CPU.Build.0 = Debug|Any CPU
		{ADC2693F-E350-ECA5-DDEE-3C9D3446FD78}.Release|Any CPU.ActiveCfg = Release|Any CPU
		{ADC2693F-E350-ECA5-DDEE-3C9D3446FD78}.Release|Any CPU.Build.0 = Release|Any CPU
		{90519F08-CD50-CC65-7E4C-358631EE8D50}.Debug|Any CPU.ActiveCfg = Debug|Any CPU
		{90519F08-CD50-CC65-7E4C-358631EE8D50}.Debug|Any CPU.Build.0 = Debug|Any CPU
		{90519F08-CD50-CC65-7E4C-358631EE8D50}.Release|Any CPU.ActiveCfg = Release|Any CPU
		{90519F08-CD50-CC65-7E4C-358631EE8D50}.Release|Any CPU.Build.0 = Release|Any CPU
		{EB92C047-21A3-268B-906B-062718274626}.Debug|Any CPU.ActiveCfg = Debug|Any CPU
		{EB92C047-21A3-268B-906B-062718274626}.Debug|Any CPU.Build.0 = Debug|Any CPU
		{EB92C047-21A3-268B-906B-062718274626}.Release|Any CPU.ActiveCfg = Release|Any CPU
		{EB92C047-21A3-268B-906B-062718274626}.Release|Any CPU.Build.0 = Release|Any CPU
	EndGlobalSection
	GlobalSection(SolutionProperties) = preSolution
		HideSolutionNode = FALSE
	EndGlobalSection
EndGlobal
